
Microsoft Visual Studio Solution File, Format Version 12.00
# Visual Studio Version 16
VisualStudioVersion = 16.0.31005.135
MinimumVisualStudioVersion = 10.0.40219.1
Project("{FAE04EC0-301F-11D3-BF4B-00C04F79EFBC}") = "SistemaDeEventos", "SistemaDeEventos\SistemaDeEventos.csproj", "{F23FECD7-6C05-4DD4-88E6-4468AE030B14}"
EndProject
Global
	GlobalSection(SolutionConfigurationPlatforms) = preSolution
		Debug|Any CPU = Debug|Any CPU
		Release|Any CPU = Release|Any CPU
	EndGlobalSection
	GlobalSection(ProjectConfigurationPlatforms) = postSolution
		{F23FECD7-6C05-4DD4-88E6-4468AE030B14}.Debug|Any CPU.ActiveCfg = Debug|Any CPU
		{F23FECD7-6C05-4DD4-88E6-4468AE030B14}.Debug|Any CPU.Build.0 = Debug|Any CPU
		{F23FECD7-6C05-4DD4-88E6-4468AE030B14}.Release|Any CPU.ActiveCfg = Release|Any CPU
		{F23FECD7-6C05-4DD4-88E6-4468AE030B14}.Release|Any CPU.Build.0 = Release|Any CPU
	EndGlobalSection
	GlobalSection(SolutionProperties) = preSolution
		HideSolutionNode = FALSE
	EndGlobalSection
	GlobalSection(ExtensibilityGlobals) = postSolution
		SolutionGuid = {5FB7DE2D-50AB-480B-BDAF-901872F7D493}
	EndGlobalSection
EndGlobal
